// !$*UTF8*$!
{
	archiveVersion = 1;
	classes = {
	};
	objectVersion = 77;
	objects = {

/* Begin PBXBuildFile section */
		D349EFFE2D83BFD0002A29B9 /* MediaPlayer.framework in Frameworks */ = {isa = PBXBuildFile; fileRef = D349EFFD2D83BFD0002A29B9 /* MediaPlayer.framework */; };
		D349F40E2D850138002A29B9 /* FirebaseAnalytics in Frameworks */ = {isa = PBXBuildFile; productRef = D349F40D2D850138002A29B9 /* FirebaseAnalytics */; };
		D349F4102D850138002A29B9 /* FirebaseAuth in Frameworks */ = {isa = PBXBuildFile; productRef = D349F40F2D850138002A29B9 /* FirebaseAuth */; };
		D349F4122D850138002A29B9 /* FirebaseFirestore in Frameworks */ = {isa = PBXBuildFile; productRef = D349F4112D850138002A29B9 /* FirebaseFirestore */; };
		D349F4142D850138002A29B9 /* FirebaseStorage in Frameworks */ = {isa = PBXBuildFile; productRef = D349F4132D850138002A29B9 /* FirebaseStorage */; };
		D349F51D2D890B9C002A29B9 /* CropViewController in Frameworks */ = {isa = PBXBuildFile; productRef = D349F51C2D890B9C002A29B9 /* CropViewController */; };
		D349F51F2D890B9C002A29B9 /* TOCropViewController in Frameworks */ = {isa = PBXBuildFile; productRef = D349F51E2D890B9C002A29B9 /* TOCropViewController */; };
/* End PBXBuildFile section */

/* Begin PBXContainerItemProxy section */
		D349EE1F2D839BDA002A29B9 /* PBXContainerItemProxy */ = {
			isa = PBXContainerItemProxy;
			containerPortal = D349EE062D839BD8002A29B9 /* Project object */;
			proxyType = 1;
			remoteGlobalIDString = D349EE0D2D839BD8002A29B9;
			remoteInfo = MusicMedia;
		};
		D349EE292D839BDA002A29B9 /* PBXContainerItemProxy */ = {
			isa = PBXContainerItemProxy;
			containerPortal = D349EE062D839BD8002A29B9 /* Project object */;
			proxyType = 1;
			remoteGlobalIDString = D349EE0D2D839BD8002A29B9;
			remoteInfo = MusicMedia;
		};
/* End PBXContainerItemProxy section */

/* Begin PBXFileReference section */
		D349EE0E2D839BD8002A29B9 /* MusicMedia.app */ = {isa = PBXFileReference; explicitFileType = wrapper.application; includeInIndex = 0; path = MusicMedia.app; sourceTree = BUILT_PRODUCTS_DIR; };
		D349EE1E2D839BDA002A29B9 /* MusicMediaTests.xctest */ = {isa = PBXFileReference; explicitFileType = wrapper.cfbundle; includeInIndex = 0; path = MusicMediaTests.xctest; sourceTree = BUILT_PRODUCTS_DIR; };
		D349EE282D839BDA002A29B9 /* MusicMediaUITests.xctest */ = {isa = PBXFileReference; explicitFileType = wrapper.cfbundle; includeInIndex = 0; path = MusicMediaUITests.xctest; sourceTree = BUILT_PRODUCTS_DIR; };
		D349EFFD2D83BFD0002A29B9 /* MediaPlayer.framework */ = {isa = PBXFileReference; lastKnownFileType = wrapper.framework; name = MediaPlayer.framework; path = System/Library/Frameworks/MediaPlayer.framework; sourceTree = SDKROOT; };
/* End PBXFileReference section */

/* Begin PBXFileSystemSynchronizedBuildFileExceptionSet section */
		D349EF482D83B216002A29B9 /* Exceptions for "MusicMedia" folder in "MusicMedia" target */ = {
			isa = PBXFileSystemSynchronizedBuildFileExceptionSet;
			membershipExceptions = (
				Info.plist,
			);
			target = D349EE0D2D839BD8002A29B9 /* MusicMedia */;
		};
/* End PBXFileSystemSynchronizedBuildFileExceptionSet section */

/* Begin PBXFileSystemSynchronizedRootGroup section */
		D349EE102D839BD8002A29B9 /* MusicMedia */ = {
			isa = PBXFileSystemSynchronizedRootGroup;
			exceptions = (
				D349EF482D83B216002A29B9 /* Exceptions for "MusicMedia" folder in "MusicMedia" target */,
			);
			path = MusicMedia;
			sourceTree = "<group>";
		};
		D349EE212D839BDA002A29B9 /* MusicMediaTests */ = {
			isa = PBXFileSystemSynchronizedRootGroup;
			path = MusicMediaTests;
			sourceTree = "<group>";
		};
		D349EE2B2D839BDA002A29B9 /* MusicMediaUITests */ = {
			isa = PBXFileSystemSynchronizedRootGroup;
			path = MusicMediaUITests;
			sourceTree = "<group>";
		};
/* End PBXFileSystemSynchronizedRootGroup section */

/* Begin PBXFrameworksBuildPhase section */
		D349EE0B2D839BD8002A29B9 /* Frameworks */ = {
			isa = PBXFrameworksBuildPhase;
			buildActionMask = 2147483647;
			files = (
				D349F40E2D850138002A29B9 /* FirebaseAnalytics in Frameworks */,
				D349F4122D850138002A29B9 /* FirebaseFirestore in Frameworks */,
				D349F51F2D890B9C002A29B9 /* TOCropViewController in Frameworks */,
				D349F4102D850138002A29B9 /* FirebaseAuth in Frameworks */,
				D349F4142D850138002A29B9 /* FirebaseStorage in Frameworks */,
				D349EFFE2D83BFD0002A29B9 /* MediaPlayer.framework in Frameworks */,
				D349F51D2D890B9C002A29B9 /* CropViewController in Frameworks */,
			);
			runOnlyForDeploymentPostprocessing = 0;
		};
		D349EE1B2D839BDA002A29B9 /* Frameworks */ = {
			isa = PBXFrameworksBuildPhase;
			buildActionMask = 2147483647;
			files = (
			);
			runOnlyForDeploymentPostprocessing = 0;
		};
		D349EE252D839BDA002A29B9 /* Frameworks */ = {
			isa = PBXFrameworksBuildPhase;
			buildActionMask = 2147483647;
			files = (
			);
			runOnlyForDeploymentPostprocessing = 0;
		};
/* End PBXFrameworksBuildPhase section */

/* Begin PBXGroup section */
		5E0C45C9B9BF0ED29BC6D1CC /* Frameworks */ = {
			isa = PBXGroup;
			children = (
				D349EFFD2D83BFD0002A29B9 /* MediaPlayer.framework */,
			);
			name = Frameworks;
			sourceTree = "<group>";
		};
		D349EE052D839BD8002A29B9 = {
			isa = PBXGroup;
			children = (
				D349EE102D839BD8002A29B9 /* MusicMedia */,
				D349EE212D839BDA002A29B9 /* MusicMediaTests */,
				D349EE2B2D839BDA002A29B9 /* MusicMediaUITests */,
				D349EE0F2D839BD8002A29B9 /* Products */,
				5E0C45C9B9BF0ED29BC6D1CC /* Frameworks */,
			);
			sourceTree = "<group>";
		};
		D349EE0F2D839BD8002A29B9 /* Products */ = {
			isa = PBXGroup;
			children = (
				D349EE0E2D839BD8002A29B9 /* MusicMedia.app */,
				D349EE1E2D839BDA002A29B9 /* MusicMediaTests.xctest */,
				D349EE282D839BDA002A29B9 /* MusicMediaUITests.xctest */,
			);
			name = Products;
			sourceTree = "<group>";
		};
/* End PBXGroup section */

/* Begin PBXNativeTarget section */
		D349EE0D2D839BD8002A29B9 /* MusicMedia */ = {
			isa = PBXNativeTarget;
			buildConfigurationList = D349EE322D839BDA002A29B9 /* Build configuration list for PBXNativeTarget "MusicMedia" */;
			buildPhases = (
				D349EE0A2D839BD8002A29B9 /* Sources */,
				D349EE0B2D839BD8002A29B9 /* Frameworks */,
				D349EE0C2D839BD8002A29B9 /* Resources */,
			);
			buildRules = (
			);
			dependencies = (
			);
			fileSystemSynchronizedGroups = (
				D349EE102D839BD8002A29B9 /* MusicMedia */,
			);
			name = MusicMedia;
			productName = MusicMedia;
			productReference = D349EE0E2D839BD8002A29B9 /* MusicMedia.app */;
			productType = "com.apple.product-type.application";
		};
		D349EE1D2D839BDA002A29B9 /* MusicMediaTests */ = {
			isa = PBXNativeTarget;
			buildConfigurationList = D349EE352D839BDA002A29B9 /* Build configuration list for PBXNativeTarget "MusicMediaTests" */;
			buildPhases = (
				D349EE1A2D839BDA002A29B9 /* Sources */,
				D349EE1B2D839BDA002A29B9 /* Frameworks */,
				D349EE1C2D839BDA002A29B9 /* Resources */,
			);
			buildRules = (
			);
			dependencies = (
				D349EE202D839BDA002A29B9 /* PBXTargetDependency */,
			);
			fileSystemSynchronizedGroups = (
				D349EE212D839BDA002A29B9 /* MusicMediaTests */,
			);
			name = MusicMediaTests;
			productName = MusicMediaTests;
			productReference = D349EE1E2D839BDA002A29B9 /* MusicMediaTests.xctest */;
			productType = "com.apple.product-type.bundle.unit-test";
		};
		D349EE272D839BDA002A29B9 /* MusicMediaUITests */ = {
			isa = PBXNativeTarget;
			buildConfigurationList = D349EE382D839BDA002A29B9 /* Build configuration list for PBXNativeTarget "MusicMediaUITests" */;
			buildPhases = (
				D349EE242D839BDA002A29B9 /* Sources */,
				D349EE252D839BDA002A29B9 /* Frameworks */,
				D349EE262D839BDA002A29B9 /* Resources */,
			);
			buildRules = (
			);
			dependencies = (
				D349EE2A2D839BDA002A29B9 /* PBXTargetDependency */,
			);
			fileSystemSynchronizedGroups = (
				D349EE2B2D839BDA002A29B9 /* MusicMediaUITests */,
			);
			name = MusicMediaUITests;
			productName = MusicMediaUITests;
			productReference = D349EE282D839BDA002A29B9 /* MusicMediaUITests.xctest */;
			productType = "com.apple.product-type.bundle.ui-testing";
		};
/* End PBXNativeTarget section */

/* Begin PBXProject section */
		D349EE062D839BD8002A29B9 /* Project object */ = {
			isa = PBXProject;
			attributes = {
				BuildIndependentTargetsInParallel = 1;
				LastSwiftUpdateCheck = 1600;
				LastUpgradeCheck = 1600;
				TargetAttributes = {
					D349EE0D2D839BD8002A29B9 = {
						CreatedOnToolsVersion = 16.0;
					};
					D349EE1D2D839BDA002A29B9 = {
						CreatedOnToolsVersion = 16.0;
						TestTargetID = D349EE0D2D839BD8002A29B9;
					};
					D349EE272D839BDA002A29B9 = {
						CreatedOnToolsVersion = 16.0;
						TestTargetID = D349EE0D2D839BD8002A29B9;
					};
				};
			};
			buildConfigurationList = D349EE092D839BD8002A29B9 /* Build configuration list for PBXProject "MusicMedia" */;
			developmentRegion = en;
			hasScannedForEncodings = 0;
			knownRegions = (
				en,
				Base,
			);
			mainGroup = D349EE052D839BD8002A29B9;
			minimizedProjectReferenceProxies = 1;
			packageReferences = (
				D349F2752D83CD6E002A29B9 /* XCRemoteSwiftPackageReference "firebase-ios-sdk" */,
				D349F2762D83CDA4002A29B9 /* XCRemoteSwiftPackageReference "Kingfisher" */,
				D349F2772D83CDD3002A29B9 /* XCRemoteSwiftPackageReference "SDWebImage" */,
				D349F51B2D890B9C002A29B9 /* XCRemoteSwiftPackageReference "TOCropViewController" */,
			);
			preferredProjectObjectVersion = 77;
			productRefGroup = D349EE0F2D839BD8002A29B9 /* Products */;
			projectDirPath = "";
			projectRoot = "";
			targets = (
				D349EE0D2D839BD8002A29B9 /* MusicMedia */,
				D349EE1D2D839BDA002A29B9 /* MusicMediaTests */,
				D349EE272D839BDA002A29B9 /* MusicMediaUITests */,
			);
		};
/* End PBXProject section */

/* Begin PBXResourcesBuildPhase section */
		D349EE0C2D839BD8002A29B9 /* Resources */ = {
			isa = PBXResourcesBuildPhase;
			buildActionMask = 2147483647;
			files = (
			);
			runOnlyForDeploymentPostprocessing = 0;
		};
		D349EE1C2D839BDA002A29B9 /* Resources */ = {
			isa = PBXResourcesBuildPhase;
			buildActionMask = 2147483647;
			files = (
			);
			runOnlyForDeploymentPostprocessing = 0;
		};
		D349EE262D839BDA002A29B9 /* Resources */ = {
			isa = PBXResourcesBuildPhase;
			buildActionMask = 2147483647;
			files = (
			);
			runOnlyForDeploymentPostprocessing = 0;
		};
/* End PBXResourcesBuildPhase section */

/* Begin PBXSourcesBuildPhase section */
		D349EE0A2D839BD8002A29B9 /* Sources */ = {
			isa = PBXSourcesBuildPhase;
			buildActionMask = 2147483647;
			files = (
			);
			runOnlyForDeploymentPostprocessing = 0;
		};
		D349EE1A2D839BDA002A29B9 /* Sources */ = {
			isa = PBXSourcesBuildPhase;
			buildActionMask = 2147483647;
			files = (
			);
			runOnlyForDeploymentPostprocessing = 0;
		};
		D349EE242D839BDA002A29B9 /* Sources */ = {
			isa = PBXSourcesBuildPhase;
			buildActionMask = 2147483647;
			files = (
			);
			runOnlyForDeploymentPostprocessing = 0;
		};
/* End PBXSourcesBuildPhase section */

/* Begin PBXTargetDependency section */
		D349EE202D839BDA002A29B9 /* PBXTargetDependency */ = {
			isa = PBXTargetDependency;
			target = D349EE0D2D839BD8002A29B9 /* MusicMedia */;
			targetProxy = D349EE1F2D839BDA002A29B9 /* PBXContainerItemProxy */;
		};
		D349EE2A2D839BDA002A29B9 /* PBXTargetDependency */ = {
			isa = PBXTargetDependency;
			target = D349EE0D2D839BD8002A29B9 /* MusicMedia */;
			targetProxy = D349EE292D839BDA002A29B9 /* PBXContainerItemProxy */;
		};
/* End PBXTargetDependency section */

/* Begin XCBuildConfiguration section */
		D349EE302D839BDA002A29B9 /* Debug */ = {
			isa = XCBuildConfiguration;
			buildSettings = {
				ALWAYS_SEARCH_USER_PATHS = NO;
				ASSETCATALOG_COMPILER_GENERATE_SWIFT_ASSET_SYMBOL_EXTENSIONS = YES;
				CLANG_ANALYZER_NONNULL = YES;
				CLANG_ANALYZER_NUMBER_OBJECT_CONVERSION = YES_AGGRESSIVE;
				CLANG_CXX_LANGUAGE_STANDARD = "gnu++20";
				CLANG_ENABLE_MODULES = YES;
				CLANG_ENABLE_OBJC_ARC = YES;
				CLANG_ENABLE_OBJC_WEAK = YES;
				CLANG_WARN_BLOCK_CAPTURE_AUTORELEASING = YES;
				CLANG_WARN_BOOL_CONVERSION = YES;
				CLANG_WARN_COMMA = YES;
				CLANG_WARN_CONSTANT_CONVERSION = YES;
				CLANG_WARN_DEPRECATED_OBJC_IMPLEMENTATIONS = YES;
				CLANG_WARN_DIRECT_OBJC_ISA_USAGE = YES_ERROR;
				CLANG_WARN_DOCUMENTATION_COMMENTS = YES;
				CLANG_WARN_EMPTY_BODY = YES;
				CLANG_WARN_ENUM_CONVERSION = YES;
				CLANG_WARN_INFINITE_RECURSION = YES;
				CLANG_WARN_INT_CONVERSION = YES;
				CLANG_WARN_NON_LITERAL_NULL_CONVERSION = YES;
				CLANG_WARN_OBJC_IMPLICIT_RETAIN_SELF = YES;
				CLANG_WARN_OBJC_LITERAL_CONVERSION = YES;
				CLANG_WARN_OBJC_ROOT_CLASS = YES_ERROR;
				CLANG_WARN_QUOTED_INCLUDE_IN_FRAMEWORK_HEADER = YES;
				CLANG_WARN_RANGE_LOOP_ANALYSIS = YES;
				CLANG_WARN_STRICT_PROTOTYPES = YES;
				CLANG_WARN_SUSPICIOUS_MOVE = YES;
				CLANG_WARN_UNGUARDED_AVAILABILITY = YES_AGGRESSIVE;
				CLANG_WARN_UNREACHABLE_CODE = YES;
				CLANG_WARN__DUPLICATE_METHOD_MATCH = YES;
				COPY_PHASE_STRIP = NO;
				DEBUG_INFORMATION_FORMAT = dwarf;
				ENABLE_STRICT_OBJC_MSGSEND = YES;
				ENABLE_TESTABILITY = YES;
				ENABLE_USER_SCRIPT_SANDBOXING = YES;
				GCC_C_LANGUAGE_STANDARD = gnu17;
				GCC_DYNAMIC_NO_PIC = NO;
				GCC_NO_COMMON_BLOCKS = YES;
				GCC_OPTIMIZATION_LEVEL = 0;
				GCC_PREPROCESSOR_DEFINITIONS = (
					"DEBUG=1",
					"$(inherited)",
				);
				GCC_WARN_64_TO_32_BIT_CONVERSION = YES;
				GCC_WARN_ABOUT_RETURN_TYPE = YES_ERROR;
				GCC_WARN_UNDECLARED_SELECTOR = YES;
				GCC_WARN_UNINITIALIZED_AUTOS = YES_AGGRESSIVE;
				GCC_WARN_UNUSED_FUNCTION = YES;
				GCC_WARN_UNUSED_VARIABLE = YES;
				IPHONEOS_DEPLOYMENT_TARGET = 18.0;
				LOCALIZATION_PREFERS_STRING_CATALOGS = YES;
				MTL_ENABLE_DEBUG_INFO = INCLUDE_SOURCE;
				MTL_FAST_MATH = YES;
				ONLY_ACTIVE_ARCH = YES;
				SDKROOT = iphoneos;
				SWIFT_ACTIVE_COMPILATION_CONDITIONS = "DEBUG $(inherited)";
				SWIFT_OPTIMIZATION_LEVEL = "-Onone";
			};
			name = Debug;
		};
		D349EE312D839BDA002A29B9 /* Release */ = {
			isa = XCBuildConfiguration;
			buildSettings = {
				ALWAYS_SEARCH_USER_PATHS = NO;
				ASSETCATALOG_COMPILER_GENERATE_SWIFT_ASSET_SYMBOL_EXTENSIONS = YES;
				CLANG_ANALYZER_NONNULL = YES;
				CLANG_ANALYZER_NUMBER_OBJECT_CONVERSION = YES_AGGRESSIVE;
				CLANG_CXX_LANGUAGE_STANDARD = "gnu++20";
				CLANG_ENABLE_MODULES = YES;
				CLANG_ENABLE_OBJC_ARC = YES;
				CLANG_ENABLE_OBJC_WEAK = YES;
				CLANG_WARN_BLOCK_CAPTURE_AUTORELEASING = YES;
				CLANG_WARN_BOOL_CONVERSION = YES;
				CLANG_WARN_COMMA = YES;
				CLANG_WARN_CONSTANT_CONVERSION = YES;
				CLANG_WARN_DEPRECATED_OBJC_IMPLEMENTATIONS = YES;
				CLANG_WARN_DIRECT_OBJC_ISA_USAGE = YES_ERROR;
				CLANG_WARN_DOCUMENTATION_COMMENTS = YES;
				CLANG_WARN_EMPTY_BODY = YES;
				CLANG_WARN_ENUM_CONVERSION = YES;
				CLANG_WARN_INFINITE_RECURSION = YES;
				CLANG_WARN_INT_CONVERSION = YES;
				CLANG_WARN_NON_LITERAL_NULL_CONVERSION = YES;
				CLANG_WARN_OBJC_IMPLICIT_RETAIN_SELF = YES;
				CLANG_WARN_OBJC_LITERAL_CONVERSION = YES;
				CLANG_WARN_OBJC_ROOT_CLASS = YES_ERROR;
				CLANG_WARN_QUOTED_INCLUDE_IN_FRAMEWORK_HEADER = YES;
				CLANG_WARN_RANGE_LOOP_ANALYSIS = YES;
				CLANG_WARN_STRICT_PROTOTYPES = YES;
				CLANG_WARN_SUSPICIOUS_MOVE = YES;
				CLANG_WARN_UNGUARDED_AVAILABILITY = YES_AGGRESSIVE;
				CLANG_WARN_UNREACHABLE_CODE = YES;
				CLANG_WARN__DUPLICATE_METHOD_MATCH = YES;
				COPY_PHASE_STRIP = NO;
				DEBUG_INFORMATION_FORMAT = "dwarf-with-dsym";
				ENABLE_NS_ASSERTIONS = NO;
				ENABLE_STRICT_OBJC_MSGSEND = YES;
				ENABLE_USER_SCRIPT_SANDBOXING = YES;
				GCC_C_LANGUAGE_STANDARD = gnu17;
				GCC_NO_COMMON_BLOCKS = YES;
				GCC_WARN_64_TO_32_BIT_CONVERSION = YES;
				GCC_WARN_ABOUT_RETURN_TYPE = YES_ERROR;
				GCC_WARN_UNDECLARED_SELECTOR = YES;
				GCC_WARN_UNINITIALIZED_AUTOS = YES_AGGRESSIVE;
				GCC_WARN_UNUSED_FUNCTION = YES;
				GCC_WARN_UNUSED_VARIABLE = YES;
				IPHONEOS_DEPLOYMENT_TARGET = 18.0;
				LOCALIZATION_PREFERS_STRING_CATALOGS = YES;
				MTL_ENABLE_DEBUG_INFO = NO;
				MTL_FAST_MATH = YES;
				SDKROOT = iphoneos;
				SWIFT_COMPILATION_MODE = wholemodule;
				VALIDATE_PRODUCT = YES;
			};
			name = Release;
		};
		D349EE332D839BDA002A29B9 /* Debug */ = {
			isa = XCBuildConfiguration;
			buildSettings = {
				ASSETCATALOG_COMPILER_APPICON_NAME = AppIcon;
				ASSETCATALOG_COMPILER_GLOBAL_ACCENT_COLOR_NAME = AccentColor;
				CODE_SIGN_ENTITLEMENTS = MusicMedia/MusicMedia.entitlements;
				CODE_SIGN_STYLE = Automatic;
				CURRENT_PROJECT_VERSION = 1;
				DEVELOPMENT_ASSET_PATHS = "\"MusicMedia/Preview Content\"";
				DEVELOPMENT_TEAM = FC69796B3R;
				ENABLE_PREVIEWS = YES;
				GENERATE_INFOPLIST_FILE = YES;
				INFOPLIST_FILE = MusicMedia/Info.plist;
				INFOPLIST_KEY_UIApplicationSceneManifest_Generation = YES;
				INFOPLIST_KEY_UIApplicationSupportsIndirectInputEvents = YES;
				INFOPLIST_KEY_UILaunchScreen_Generation = YES;
				INFOPLIST_KEY_UISupportedInterfaceOrientations_iPad = "UIInterfaceOrientationPortrait UIInterfaceOrientationPortraitUpsideDown UIInterfaceOrientationLandscapeLeft UIInterfaceOrientationLandscapeRight";
				INFOPLIST_KEY_UISupportedInterfaceOrientations_iPhone = "UIInterfaceOrientationPortrait UIInterfaceOrientationLandscapeLeft UIInterfaceOrientationLandscapeRight";
				LD_RUNPATH_SEARCH_PATHS = (
					"$(inherited)",
					"@executable_path/Frameworks",
				);
				MARKETING_VERSION = 1.0;
				"OTHER_CFLAGS[arch=*]" = "";
				"OTHER_CPLUSPLUSFLAGS[arch=*]" = "$(OTHER_CFLAGS)";
				PRODUCT_BUNDLE_IDENTIFIER = com.brockton.MusicMedia;
				PRODUCT_NAME = "$(TARGET_NAME)";
				SWIFT_EMIT_LOC_STRINGS = YES;
				SWIFT_VERSION = 5.0;
				TARGETED_DEVICE_FAMILY = "1,2";
			};
			name = Debug;
		};
		D349EE342D839BDA002A29B9 /* Release */ = {
			isa = XCBuildConfiguration;
			buildSettings = {
				ASSETCATALOG_COMPILER_APPICON_NAME = AppIcon;
				ASSETCATALOG_COMPILER_GLOBAL_ACCENT_COLOR_NAME = AccentColor;
				CODE_SIGN_ENTITLEMENTS = MusicMedia/MusicMedia.entitlements;
				CODE_SIGN_STYLE = Automatic;
				CURRENT_PROJECT_VERSION = 1;
				DEVELOPMENT_ASSET_PATHS = "\"MusicMedia/Preview Content\"";
				DEVELOPMENT_TEAM = FC69796B3R;
				ENABLE_PREVIEWS = YES;
				GENERATE_INFOPLIST_FILE = YES;
				INFOPLIST_FILE = MusicMedia/Info.plist;
				INFOPLIST_KEY_UIApplicationSceneManifest_Generation = YES;
				INFOPLIST_KEY_UIApplicationSupportsIndirectInputEvents = YES;
				INFOPLIST_KEY_UILaunchScreen_Generation = YES;
				INFOPLIST_KEY_UISupportedInterfaceOrientations_iPad = "UIInterfaceOrientationPortrait UIInterfaceOrientationPortraitUpsideDown UIInterfaceOrientationLandscapeLeft UIInterfaceOrientationLandscapeRight";
				INFOPLIST_KEY_UISupportedInterfaceOrientations_iPhone = "UIInterfaceOrientationPortrait UIInterfaceOrientationLandscapeLeft UIInterfaceOrientationLandscapeRight";
				LD_RUNPATH_SEARCH_PATHS = (
					"$(inherited)",
					"@executable_path/Frameworks",
				);
				MARKETING_VERSION = 1.0;
				"OTHER_CFLAGS[arch=*]" = "";
				"OTHER_CPLUSPLUSFLAGS[arch=*]" = "$(OTHER_CFLAGS)";
				PRODUCT_BUNDLE_IDENTIFIER = com.brockton.MusicMedia;
				PRODUCT_NAME = "$(TARGET_NAME)";
				SWIFT_EMIT_LOC_STRINGS = YES;
				SWIFT_VERSION = 5.0;
				TARGETED_DEVICE_FAMILY = "1,2";
			};
			name = Release;
		};
		D349EE362D839BDA002A29B9 /* Debug */ = {
			isa = XCBuildConfiguration;
			buildSettings = {
				BUNDLE_LOADER = "$(TEST_HOST)";
				CODE_SIGN_STYLE = Automatic;
				CURRENT_PROJECT_VERSION = 1;
				DEVELOPMENT_TEAM = FC69796B3R;
				GENERATE_INFOPLIST_FILE = YES;
				IPHONEOS_DEPLOYMENT_TARGET = 18.0;
				MARKETING_VERSION = 1.0;
				PRODUCT_BUNDLE_IDENTIFIER = com.brockton.MusicMediaTests;
				PRODUCT_NAME = "$(TARGET_NAME)";
				SWIFT_EMIT_LOC_STRINGS = NO;
				SWIFT_VERSION = 5.0;
				TARGETED_DEVICE_FAMILY = "1,2";
				TEST_HOST = "$(BUILT_PRODUCTS_DIR)/MusicMedia.app/$(BUNDLE_EXECUTABLE_FOLDER_PATH)/MusicMedia";
			};
			name = Debug;
		};
		D349EE372D839BDA002A29B9 /* Release */ = {
			isa = XCBuildConfiguration;
			buildSettings = {
				BUNDLE_LOADER = "$(TEST_HOST)";
				CODE_SIGN_STYLE = Automatic;
				CURRENT_PROJECT_VERSION = 1;
				DEVELOPMENT_TEAM = FC69796B3R;
				GENERATE_INFOPLIST_FILE = YES;
				IPHONEOS_DEPLOYMENT_TARGET = 18.0;
				MARKETING_VERSION = 1.0;
				PRODUCT_BUNDLE_IDENTIFIER = com.brockton.MusicMediaTests;
				PRODUCT_NAME = "$(TARGET_NAME)";
				SWIFT_EMIT_LOC_STRINGS = NO;
				SWIFT_VERSION = 5.0;
				TARGETED_DEVICE_FAMILY = "1,2";
				TEST_HOST = "$(BUILT_PRODUCTS_DIR)/MusicMedia.app/$(BUNDLE_EXECUTABLE_FOLDER_PATH)/MusicMedia";
			};
			name = Release;
		};
		D349EE392D839BDA002A29B9 /* Debug */ = {
			isa = XCBuildConfiguration;
			buildSettings = {
				CODE_SIGN_STYLE = Automatic;
				CURRENT_PROJECT_VERSION = 1;
				DEVELOPMENT_TEAM = FC69796B3R;
				GENERATE_INFOPLIST_FILE = YES;
				MARKETING_VERSION = 1.0;
				PRODUCT_BUNDLE_IDENTIFIER = com.brockton.MusicMediaUITests;
				PRODUCT_NAME = "$(TARGET_NAME)";
				SWIFT_EMIT_LOC_STRINGS = NO;
				SWIFT_VERSION = 5.0;
				TARGETED_DEVICE_FAMILY = "1,2";
				TEST_TARGET_NAME = MusicMedia;
			};
			name = Debug;
		};
		D349EE3A2D839BDA002A29B9 /* Release */ = {
			isa = XCBuildConfiguration;
			buildSettings = {
				CODE_SIGN_STYLE = Automatic;
				CURRENT_PROJECT_VERSION = 1;
				DEVELOPMENT_TEAM = FC69796B3R;
				GENERATE_INFOPLIST_FILE = YES;
				MARKETING_VERSION = 1.0;
				PRODUCT_BUNDLE_IDENTIFIER = com.brockton.MusicMediaUITests;
				PRODUCT_NAME = "$(TARGET_NAME)";
				SWIFT_EMIT_LOC_STRINGS = NO;
				SWIFT_VERSION = 5.0;
				TARGETED_DEVICE_FAMILY = "1,2";
				TEST_TARGET_NAME = MusicMedia;
			};
			name = Release;
		};
/* End XCBuildConfiguration section */

/* Begin XCConfigurationList section */
		D349EE092D839BD8002A29B9 /* Build configuration list for PBXProject "MusicMedia" */ = {
			isa = XCConfigurationList;
			buildConfigurations = (
				D349EE302D839BDA002A29B9 /* Debug */,
				D349EE312D839BDA002A29B9 /* Release */,
			);
			defaultConfigurationIsVisible = 0;
			defaultConfigurationName = Release;
		};
		D349EE322D839BDA002A29B9 /* Build configuration list for PBXNativeTarget "MusicMedia" */ = {
			isa = XCConfigurationList;
			buildConfigurations = (
				D349EE332D839BDA002A29B9 /* Debug */,
				D349EE342D839BDA002A29B9 /* Release */,
			);
			defaultConfigurationIsVisible = 0;
			defaultConfigurationName = Release;
		};
		D349EE352D839BDA002A29B9 /* Build configuration list for PBXNativeTarget "MusicMediaTests" */ = {
			isa = XCConfigurationList;
			buildConfigurations = (
				D349EE362D839BDA002A29B9 /* Debug */,
				D349EE372D839BDA002A29B9 /* Release */,
			);
			defaultConfigurationIsVisible = 0;
			defaultConfigurationName = Release;
		};
		D349EE382D839BDA002A29B9 /* Build configuration list for PBXNativeTarget "MusicMediaUITests" */ = {
			isa = XCConfigurationList;
			buildConfigurations = (
				D349EE392D839BDA002A29B9 /* Debug */,
				D349EE3A2D839BDA002A29B9 /* Release */,
			);
			defaultConfigurationIsVisible = 0;
			defaultConfigurationName = Release;
		};
/* End XCConfigurationList section */

/* Begin XCRemoteSwiftPackageReference section */
		D349F2752D83CD6E002A29B9 /* XCRemoteSwiftPackageReference "firebase-ios-sdk" */ = {
			isa = XCRemoteSwiftPackageReference;
			repositoryURL = "https://github.com/firebase/firebase-ios-sdk.git";
			requirement = {
				kind = upToNextMajorVersion;
				minimumVersion = 11.9.0;
			};
		};
		D349F2762D83CDA4002A29B9 /* XCRemoteSwiftPackageReference "Kingfisher" */ = {
			isa = XCRemoteSwiftPackageReference;
			repositoryURL = "https://github.com/onevcat/Kingfisher.git";
			requirement = {
				kind = upToNextMajorVersion;
				minimumVersion = 8.3.0;
			};
		};
		D349F2772D83CDD3002A29B9 /* XCRemoteSwiftPackageReference "SDWebImage" */ = {
			isa = XCRemoteSwiftPackageReference;
			repositoryURL = "https://github.com/SDWebImage/SDWebImage.git";
			requirement = {
				kind = upToNextMajorVersion;
				minimumVersion = 5.21.0;
			};
		};
		D349F51B2D890B9C002A29B9 /* XCRemoteSwiftPackageReference "TOCropViewController" */ = {
			isa = XCRemoteSwiftPackageReference;
			repositoryURL = "https://github.com/TimOliver/TOCropViewController.git";
			requirement = {
				kind = upToNextMajorVersion;
				minimumVersion = 2.7.4;
			};
		};
/* End XCRemoteSwiftPackageReference section */

/* Begin XCSwiftPackageProductDependency section */
		D349F40D2D850138002A29B9 /* FirebaseAnalytics */ = {
			isa = XCSwiftPackageProductDependency;
			package = D349F2752D83CD6E002A29B9 /* XCRemoteSwiftPackageReference "firebase-ios-sdk" */;
			productName = FirebaseAnalytics;
		};
		D349F40F2D850138002A29B9 /* FirebaseAuth */ = {
			isa = XCSwiftPackageProductDependency;
			package = D349F2752D83CD6E002A29B9 /* XCRemoteSwiftPackageReference "firebase-ios-sdk" */;
			productName = FirebaseAuth;
		};
		D349F4112D850138002A29B9 /* FirebaseFirestore */ = {
			isa = XCSwiftPackageProductDependency;
			package = D349F2752D83CD6E002A29B9 /* XCRemoteSwiftPackageReference "firebase-ios-sdk" */;
			productName = FirebaseFirestore;
		};
		D349F4132D850138002A29B9 /* FirebaseStorage */ = {
			isa = XCSwiftPackageProductDependency;
			package = D349F2752D83CD6E002A29B9 /* XCRemoteSwiftPackageReference "firebase-ios-sdk" */;
			productName = FirebaseStorage;
		};
		D349F51C2D890B9C002A29B9 /* CropViewController */ = {
			isa = XCSwiftPackageProductDependency;
			package = D349F51B2D890B9C002A29B9 /* XCRemoteSwiftPackageReference "TOCropViewController" */;
			productName = CropViewController;
		};
		D349F51E2D890B9C002A29B9 /* TOCropViewController */ = {
			isa = XCSwiftPackageProductDependency;
			package = D349F51B2D890B9C002A29B9 /* XCRemoteSwiftPackageReference "TOCropViewController" */;
			productName = TOCropViewController;
		};
/* End XCSwiftPackageProductDependency section */
	};
	rootObject = D349EE062D839BD8002A29B9 /* Project object */;
}
